PODS:
  - CryptoSwift (1.8.1)
  - nRFMeshProvision (4.2.0):
    - CryptoSwift (= 1.8.1)
  - ProgressHUD (14.1.1)

DEPENDENCIES:
  - nRFMeshProvision (from `../`)
  - ProgressHUD

SPEC REPOS:
  trunk:
    - CryptoSwift
    - ProgressHUD

EXTERNAL SOURCES:
  nRFMeshProvision:
    :path: "../"

SPEC CHECKSUMS:
  CryptoSwift: b9c701d6f5011df23794dbf7f2e480a77835d83d
  nRFMeshProvision: 9940798d1d7df746380f92563caf64c75c1a1b24
  ProgressHUD: abb9136ae23c85204236828562cb9a8ec98efb44

PODFILE CHECKSUM: 78de7b45159121a1d30210ebad5e3c0113d48cd8

COCOAPODS: 1.15.2
