PODS:
  - CryptoSwift (1.5.1)
  - LookinServer (1.1.7):
    - LookinServer/Core (= 1.1.7)
  - LookinServer/Core (1.1.7)
  - nRFMeshProvision (3.2.0):
    - CryptoSwift (= 1.5.1)

DEPENDENCIES:
  - LookinServer
  - nRFMeshProvision (from `../`)

SPEC REPOS:
  trunk:
    - CryptoSwift
    - LookinServer

EXTERNAL SOURCES:
  nRFMeshProvision:
    :path: "../"

SPEC CHECKSUMS:
  CryptoSwift: c4f2debceb38bf44c80659afe009f71e23e4a082
  LookinServer: 4ce0469b066871525611d009d8d16a7a50c23491
  nRFMeshProvision: 297bbda9dc44138c1b63b1ac5e4c860f0398e176

PODFILE CHECKSUM: b23b72353308d8f09d5e0ed8b0e79d0cb3179e15

COCOAPODS: 1.12.1
