PODS:
  - CryptoSwift (1.8.0)
  - LookinServer (1.2.2):
    - LookinServer/Core (= 1.2.2)
  - LookinServer/Core (1.2.2)
  - nRFMeshProvision (4.0.0):
    - CryptoSwift (= 1.8.0)

DEPENDENCIES:
  - LookinServer
  - nRFMeshProvision (from `../`)

SPEC REPOS:
  trunk:
    - CryptoSwift
    - LookinServer

EXTERNAL SOURCES:
  nRFMeshProvision:
    :path: "../"

SPEC CHECKSUMS:
  CryptoSwift: 52aaf3fce7337552863b1d952e408085f0e65030
  LookinServer: 3204eefff2f18e19fa546931fb5f1b88bc709a0b
  nRFMeshProvision: 69767fa24aede3ca206ed17e9172be564bd7bfc0

PODFILE CHECKSUM: 9cb3532583456af1f016209c1df39e8e7fcfe553

COCOAPODS: 1.12.1
